// !$*UTF8*$!
{
	archiveVersion = 1;
	classes = {
	};
	objectVersion = 46;
	objects = {

/* Begin PBXBuildFile section */
		43855A041DFA79CB00D765F3 /* main.m in Sources */ = {isa = PBXBuildFile; fileRef = 43855A031DFA79CB00D765F3 /* main.m */; };
		43855A071DFA79CB00D765F3 /* AppDelegate.m in Sources */ = {isa = PBXBuildFile; fileRef = 43855A061DFA79CB00D765F3 /* AppDelegate.m */; };
		43855A0A1DFA79CB00D765F3 /* ViewController.m in Sources */ = {isa = PBXBuildFile; fileRef = 43855A091DFA79CB00D765F3 /* ViewController.m */; };
		43855A0D1DFA79CB00D765F3 /* Main.storyboard in Resources */ = {isa = PBXBuildFile; fileRef = 43855A0B1DFA79CB00D765F3 /* Main.storyboard */; };
		43855A0F1DFA79CB00D765F3 /* Assets.xcassets in Resources */ = {isa = PBXBuildFile; fileRef = 43855A0E1DFA79CB00D765F3 /* Assets.xcassets */; };
		43855A121DFA79CB00D765F3 /* LaunchScreen.storyboard in Resources */ = {isa = PBXBuildFile; fileRef = 43855A101DFA79CB00D765F3 /* LaunchScreen.storyboard */; };
		43855A1D1DFA79CB00D765F3 /* RSNetDemoTests.m in Sources */ = {isa = PBXBuildFile; fileRef = 43855A1C1DFA79CB00D765F3 /* RSNetDemoTests.m */; };
		43855A281DFA79CB00D765F3 /* RSNetDemoUITests.m in Sources */ = {isa = PBXBuildFile; fileRef = 43855A271DFA79CB00D765F3 /* RSNetDemoUITests.m */; };
		43855A3C1DFA79D300D765F3 /* SLYMessage.m in Sources */ = {isa = PBXBuildFile; fileRef = 43855A371DFA79D300D765F3 /* SLYMessage.m */; };
		43855A3D1DFA79D300D765F3 /* SLYMessageResponse.m in Sources */ = {isa = PBXBuildFile; fileRef = 43855A391DFA79D300D765F3 /* SLYMessageResponse.m */; };
		43855A3E1DFA79D300D765F3 /* SLYNetRequestManage.m in Sources */ = {isa = PBXBuildFile; fileRef = 43855A3B1DFA79D300D765F3 /* SLYNetRequestManage.m */; };
		9267A5120DCCCA726F5A53C4 /* libPods-RSNetDemo.a in Frameworks */ = {isa = PBXBuildFile; fileRef = 7589F500120D3D1D9C8A4A6C /* libPods-RSNetDemo.a */; };
/* End PBXBuildFile section */

/* Begin PBXContainerItemProxy section */
		43855A191DFA79CB00D765F3 /* PBXContainerItemProxy */ = {
			isa = PBXContainerItemProxy;
			containerPortal = 438559F71DFA79CA00D765F3 /* Project object */;
			proxyType = 1;
			remoteGlobalIDString = 438559FE1DFA79CB00D765F3;
			remoteInfo = RSNetDemo;
		};
		43855A241DFA79CB00D765F3 /* PBXContainerItemProxy */ = {
			isa = PBXContainerItemProxy;
			containerPortal = 438559F71DFA79CA00D765F3 /* Project object */;
			proxyType = 1;
			remoteGlobalIDString = 438559FE1DFA79CB00D765F3;
			remoteInfo = RSNetDemo;
		};
/* End PBXContainerItemProxy section */

/* Begin PBXFileReference section */
		438559FF1DFA79CB00D765F3 /* RSNetDemo.app */ = {isa = PBXFileReference; explicitFileType = wrapper.application; includeInIndex = 0; path = RSNetDemo.app; sourceTree = BUILT_PRODUCTS_DIR; };
		43855A031DFA79CB00D765F3 /* main.m */ = {isa = PBXFileReference; lastKnownFileType = sourcecode.c.objc; path = main.m; sourceTree = "<group>"; };
		43855A051DFA79CB00D765F3 /* AppDelegate.h */ = {isa = PBXFileReference; lastKnownFileType = sourcecode.c.h; path = AppDelegate.h; sourceTree = "<group>"; };
		43855A061DFA79CB00D765F3 /* AppDelegate.m */ = {isa = PBXFileReference; lastKnownFileType = sourcecode.c.objc; path = AppDelegate.m; sourceTree = "<group>"; };
		43855A081DFA79CB00D765F3 /* ViewController.h */ = {isa = PBXFileReference; lastKnownFileType = sourcecode.c.h; path = ViewController.h; sourceTree = "<group>"; };
		43855A091DFA79CB00D765F3 /* ViewController.m */ = {isa = PBXFileReference; lastKnownFileType = sourcecode.c.objc; path = ViewController.m; sourceTree = "<group>"; };
		43855A0C1DFA79CB00D765F3 /* Base */ = {isa = PBXFileReference; lastKnownFileType = file.storyboard; name = Base; path = Base.lproj/Main.storyboard; sourceTree = "<group>"; };
		43855A0E1DFA79CB00D765F3 /* Assets.xcassets */ = {isa = PBXFileReference; lastKnownFileType = folder.assetcatalog; path = Assets.xcassets; sourceTree = "<group>"; };
		43855A111DFA79CB00D765F3 /* Base */ = {isa = PBXFileReference; lastKnownFileType = file.storyboard; name = Base; path = Base.lproj/LaunchScreen.storyboard; sourceTree = "<group>"; };
		43855A131DFA79CB00D765F3 /* Info.plist */ = {isa = PBXFileReference; lastKnownFileType = text.plist.xml; path = Info.plist; sourceTree = "<group>"; };
		43855A181DFA79CB00D765F3 /* RSNetDemoTests.xctest */ = {isa = PBXFileReference; explicitFileType = wrapper.cfbundle; includeInIndex = 0; path = RSNetDemoTests.xctest; sourceTree = BUILT_PRODUCTS_DIR; };
		43855A1C1DFA79CB00D765F3 /* RSNetDemoTests.m */ = {isa = PBXFileReference; lastKnownFileType = sourcecode.c.objc; path = RSNetDemoTests.m; sourceTree = "<group>"; };
		43855A1E1DFA79CB00D765F3 /* Info.plist */ = {isa = PBXFileReference; lastKnownFileType = text.plist.xml; path = Info.plist; sourceTree = "<group>"; };
		43855A231DFA79CB00D765F3 /* RSNetDemoUITests.xctest */ = {isa = PBXFileReference; explicitFileType = wrapper.cfbundle; includeInIndex = 0; path = RSNetDemoUITests.xctest; sourceTree = BUILT_PRODUCTS_DIR; };
		43855A271DFA79CB00D765F3 /* RSNetDemoUITests.m */ = {isa = PBXFileReference; lastKnownFileType = sourcecode.c.objc; path = RSNetDemoUITests.m; sourceTree = "<group>"; };
		43855A291DFA79CB00D765F3 /* Info.plist */ = {isa = PBXFileReference; lastKnownFileType = text.plist.xml; path = Info.plist; sourceTree = "<group>"; };
		43855A361DFA79D300D765F3 /* SLYMessage.h */ = {isa = PBXFileReference; fileEncoding = 4; lastKnownFileType = sourcecode.c.h; path = SLYMessage.h; sourceTree = "<group>"; };
		43855A371DFA79D300D765F3 /* SLYMessage.m */ = {isa = PBXFileReference; fileEncoding = 4; lastKnownFileType = sourcecode.c.objc; path = SLYMessage.m; sourceTree = "<group>"; };
		43855A381DFA79D300D765F3 /* SLYMessageResponse.h */ = {isa = PBXFileReference; fileEncoding = 4; lastKnownFileType = sourcecode.c.h; path = SLYMessageResponse.h; sourceTree = "<group>"; };
		43855A391DFA79D300D765F3 /* SLYMessageResponse.m */ = {isa = PBXFileReference; fileEncoding = 4; lastKnownFileType = sourcecode.c.objc; path = SLYMessageResponse.m; sourceTree = "<group>"; };
		43855A3A1DFA79D300D765F3 /* SLYNetRequestManage.h */ = {isa = PBXFileReference; fileEncoding = 4; lastKnownFileType = sourcecode.c.h; path = SLYNetRequestManage.h; sourceTree = "<group>"; };
		43855A3B1DFA79D300D765F3 /* SLYNetRequestManage.m */ = {isa = PBXFileReference; fileEncoding = 4; lastKnownFileType = sourcecode.c.objc; path = SLYNetRequestManage.m; sourceTree = "<group>"; };
		4938ABA4B08650711F3AA287 /* Pods-RSNetDemo.debug.xcconfig */ = {isa = PBXFileReference; includeInIndex = 1; lastKnownFileType = text.xcconfig; name = "Pods-RSNetDemo.debug.xcconfig"; path = "Pods/Target Support Files/Pods-RSNetDemo/Pods-RSNetDemo.debug.xcconfig"; sourceTree = "<group>"; };
		7589F500120D3D1D9C8A4A6C /* libPods-RSNetDemo.a */ = {isa = PBXFileReference; explicitFileType = archive.ar; includeInIndex = 0; path = "libPods-RSNetDemo.a"; sourceTree = BUILT_PRODUCTS_DIR; };
		E49C2547EA7179A3F7FA77FD /* Pods-RSNetDemo.release.xcconfig */ = {isa = PBXFileReference; includeInIndex = 1; lastKnownFileType = text.xcconfig; name = "Pods-RSNetDemo.release.xcconfig"; path = "Pods/Target Support Files/Pods-RSNetDemo/Pods-RSNetDemo.release.xcconfig"; sourceTree = "<group>"; };
/* End PBXFileReference section */

/* Begin PBXFrameworksBuildPhase section */
		438559FC1DFA79CB00D765F3 /* Frameworks */ = {
			isa = PBXFrameworksBuildPhase;
			buildActionMask = 2147483647;
			files = (
				9267A5120DCCCA726F5A53C4 /* libPods-RSNetDemo.a in Frameworks */,
			);
			runOnlyForDeploymentPostprocessing = 0;
		};
		43855A151DFA79CB00D765F3 /* Frameworks */ = {
			isa = PBXFrameworksBuildPhase;
			buildActionMask = 2147483647;
			files = (
			);
			runOnlyForDeploymentPostprocessing = 0;
		};
		43855A201DFA79CB00D765F3 /* Frameworks */ = {
			isa = PBXFrameworksBuildPhase;
			buildActionMask = 2147483647;
			files = (
			);
			runOnlyForDeploymentPostprocessing = 0;
		};
/* End PBXFrameworksBuildPhase section */

/* Begin PBXGroup section */
		438559F61DFA79CA00D765F3 = {
			isa = PBXGroup;
			children = (
				43855A011DFA79CB00D765F3 /* RSNetDemo */,
				43855A1B1DFA79CB00D765F3 /* RSNetDemoTests */,
				43855A261DFA79CB00D765F3 /* RSNetDemoUITests */,
				43855A001DFA79CB00D765F3 /* Products */,
				7ECFFC95677A067BC0D7AAA3 /* Pods */,
				D5242196493E23091C29833B /* Frameworks */,
			);
			sourceTree = "<group>";
		};
		43855A001DFA79CB00D765F3 /* Products */ = {
			isa = PBXGroup;
			children = (
				438559FF1DFA79CB00D765F3 /* RSNetDemo.app */,
				43855A181DFA79CB00D765F3 /* RSNetDemoTests.xctest */,
				43855A231DFA79CB00D765F3 /* RSNetDemoUITests.xctest */,
			);
			name = Products;
			sourceTree = "<group>";
		};
		43855A011DFA79CB00D765F3 /* RSNetDemo */ = {
			isa = PBXGroup;
			children = (
				43855A351DFA79D300D765F3 /* RSNet */,
				43855A051DFA79CB00D765F3 /* AppDelegate.h */,
				43855A061DFA79CB00D765F3 /* AppDelegate.m */,
				43855A081DFA79CB00D765F3 /* ViewController.h */,
				43855A091DFA79CB00D765F3 /* ViewController.m */,
				43855A0B1DFA79CB00D765F3 /* Main.storyboard */,
				43855A0E1DFA79CB00D765F3 /* Assets.xcassets */,
				43855A101DFA79CB00D765F3 /* LaunchScreen.storyboard */,
				43855A131DFA79CB00D765F3 /* Info.plist */,
				43855A021DFA79CB00D765F3 /* Supporting Files */,
			);
			path = RSNetDemo;
			sourceTree = "<group>";
		};
		43855A021DFA79CB00D765F3 /* Supporting Files */ = {
			isa = PBXGroup;
			children = (
				43855A031DFA79CB00D765F3 /* main.m */,
			);
			name = "Supporting Files";
			sourceTree = "<group>";
		};
		43855A1B1DFA79CB00D765F3 /* RSNetDemoTests */ = {
			isa = PBXGroup;
			children = (
				43855A1C1DFA79CB00D765F3 /* RSNetDemoTests.m */,
				43855A1E1DFA79CB00D765F3 /* Info.plist */,
			);
			path = RSNetDemoTests;
			sourceTree = "<group>";
		};
		43855A261DFA79CB00D765F3 /* RSNetDemoUITests */ = {
			isa = PBXGroup;
			children = (
				43855A271DFA79CB00D765F3 /* RSNetDemoUITests.m */,
				43855A291DFA79CB00D765F3 /* Info.plist */,
			);
			path = RSNetDemoUITests;
			sourceTree = "<group>";
		};
		43855A351DFA79D300D765F3 /* RSNet */ = {
			isa = PBXGroup;
			children = (
				43855A361DFA79D300D765F3 /* SLYMessage.h */,
				43855A371DFA79D300D765F3 /* SLYMessage.m */,
				43855A381DFA79D300D765F3 /* SLYMessageResponse.h */,
				43855A391DFA79D300D765F3 /* SLYMessageResponse.m */,
				43855A3A1DFA79D300D765F3 /* SLYNetRequestManage.h */,
				43855A3B1DFA79D300D765F3 /* SLYNetRequestManage.m */,
			);
			path = RSNet;
			sourceTree = "<group>";
		};
		7ECFFC95677A067BC0D7AAA3 /* Pods */ = {
			isa = PBXGroup;
			children = (
				4938ABA4B08650711F3AA287 /* Pods-RSNetDemo.debug.xcconfig */,
				E49C2547EA7179A3F7FA77FD /* Pods-RSNetDemo.release.xcconfig */,
			);
			name = Pods;
			sourceTree = "<group>";
		};
		D5242196493E23091C29833B /* Frameworks */ = {
			isa = PBXGroup;
			children = (
				7589F500120D3D1D9C8A4A6C /* libPods-RSNetDemo.a */,
			);
			name = Frameworks;
			sourceTree = "<group>";
		};
/* End PBXGroup section */

/* Begin PBXNativeTarget section */
		438559FE1DFA79CB00D765F3 /* RSNetDemo */ = {
			isa = PBXNativeTarget;
			buildConfigurationList = 43855A2C1DFA79CB00D765F3 /* Build configuration list for PBXNativeTarget "RSNetDemo" */;
			buildPhases = (
				94D65D4FD65521D336EBC91C /* [CP] Check Pods Manifest.lock */,
				438559FB1DFA79CB00D765F3 /* Sources */,
				438559FC1DFA79CB00D765F3 /* Frameworks */,
				438559FD1DFA79CB00D765F3 /* Resources */,
				C105D93341F5F24FA80C0BB6 /* [CP] Embed Pods Frameworks */,
				F9A6EC4E802962E37F8A2115 /* [CP] Copy Pods Resources */,
			);
			buildRules = (
			);
			dependencies = (
			);
			name = RSNetDemo;
			productName = RSNetDemo;
			productReference = 438559FF1DFA79CB00D765F3 /* RSNetDemo.app */;
			productType = "com.apple.product-type.application";
		};
		43855A171DFA79CB00D765F3 /* RSNetDemoTests */ = {
			isa = PBXNativeTarget;
			buildConfigurationList = 43855A2F1DFA79CB00D765F3 /* Build configuration list for PBXNativeTarget "RSNetDemoTests" */;
			buildPhases = (
				43855A141DFA79CB00D765F3 /* Sources */,
				43855A151DFA79CB00D765F3 /* Frameworks */,
				43855A161DFA79CB00D765F3 /* Resources */,
			);
			buildRules = (
			);
			dependencies = (
				43855A1A1DFA79CB00D765F3 /* PBXTargetDependency */,
			);
			name = RSNetDemoTests;
			productName = RSNetDemoTests;
			productReference = 43855A181DFA79CB00D765F3 /* RSNetDemoTests.xctest */;
			productType = "com.apple.product-type.bundle.unit-test";
		};
		43855A221DFA79CB00D765F3 /* RSNetDemoUITests */ = {
			isa = PBXNativeTarget;
			buildConfigurationList = 43855A321DFA79CB00D765F3 /* Build configuration list for PBXNativeTarget "RSNetDemoUITests" */;
			buildPhases = (
				43855A1F1DFA79CB00D765F3 /* Sources */,
				43855A201DFA79CB00D765F3 /* Frameworks */,
				43855A211DFA79CB00D765F3 /* Resources */,
			);
			buildRules = (
			);
			dependencies = (
				43855A251DFA79CB00D765F3 /* PBXTargetDependency */,
			);
			name = RSNetDemoUITests;
			productName = RSNetDemoUITests;
			productReference = 43855A231DFA79CB00D765F3 /* RSNetDemoUITests.xctest */;
			productType = "com.apple.product-type.bundle.ui-testing";
		};
/* End PBXNativeTarget section */

/* Begin PBXProject section */
		438559F71DFA79CA00D765F3 /* Project object */ = {
			isa = PBXProject;
			attributes = {
				LastUpgradeCheck = 0810;
				ORGANIZATIONNAME = Ricky;
				TargetAttributes = {
					438559FE1DFA79CB00D765F3 = {
						CreatedOnToolsVersion = 8.1;
						DevelopmentTeam = DRDBCGP8F6;
						ProvisioningStyle = Automatic;
					};
					43855A171DFA79CB00D765F3 = {
						CreatedOnToolsVersion = 8.1;
						DevelopmentTeam = DRDBCGP8F6;
						ProvisioningStyle = Automatic;
						TestTargetID = 438559FE1DFA79CB00D765F3;
					};
					43855A221DFA79CB00D765F3 = {
						CreatedOnToolsVersion = 8.1;
						DevelopmentTeam = DRDBCGP8F6;
						ProvisioningStyle = Automatic;
						TestTargetID = 438559FE1DFA79CB00D765F3;
					};
				};
			};
			buildConfigurationList = 438559FA1DFA79CA00D765F3 /* Build configuration list for PBXProject "RSNetDemo" */;
			compatibilityVersion = "Xcode 3.2";
			developmentRegion = English;
			hasScannedForEncodings = 0;
			knownRegions = (
				en,
				Base,
			);
			mainGroup = 438559F61DFA79CA00D765F3;
			productRefGroup = 43855A001DFA79CB00D765F3 /* Products */;
			projectDirPath = "";
			projectRoot = "";
			targets = (
				438559FE1DFA79CB00D765F3 /* RSNetDemo */,
				43855A171DFA79CB00D765F3 /* RSNetDemoTests */,
				43855A221DFA79CB00D765F3 /* RSNetDemoUITests */,
			);
		};
/* End PBXProject section */

/* Begin PBXResourcesBuildPhase section */
		438559FD1DFA79CB00D765F3 /* Resources */ = {
			isa = PBXResourcesBuildPhase;
			buildActionMask = 2147483647;
			files = (
				43855A121DFA79CB00D765F3 /* LaunchScreen.storyboard in Resources */,
				43855A0F1DFA79CB00D765F3 /* Assets.xcassets in Resources */,
				43855A0D1DFA79CB00D765F3 /* Main.storyboard in Resources */,
			);
			runOnlyForDeploymentPostprocessing = 0;
		};
		43855A161DFA79CB00D765F3 /* Resources */ = {
			isa = PBXResourcesBuildPhase;
			buildActionMask = 2147483647;
			files = (
			);
			runOnlyForDeploymentPostprocessing = 0;
		};
		43855A211DFA79CB00D765F3 /* Resources */ = {
			isa = PBXResourcesBuildPhase;
			buildActionMask = 2147483647;
			files = (
			);
			runOnlyForDeploymentPostprocessing = 0;
		};
/* End PBXResourcesBuildPhase section */

/* Begin PBXShellScriptBuildPhase section */
		94D65D4FD65521D336EBC91C /* [CP] Check Pods Manifest.lock */ = {
			isa = PBXShellScriptBuildPhase;
			buildActionMask = 2147483647;
			files = (
			);
			inputPaths = (
			);
			name = "[CP] Check Pods Manifest.lock";
			outputPaths = (
			);
			runOnlyForDeploymentPostprocessing = 0;
			shellPath = /bin/sh;
			shellScript = "diff \"${PODS_ROOT}/../Podfile.lock\" \"${PODS_ROOT}/Manifest.lock\" > /dev/null\nif [ $? != 0 ] ; then\n    # print error to STDERR\n    echo \"error: The sandbox is not in sync with the Podfile.lock. Run 'pod install' or update your CocoaPods installation.\" >&2\n    exit 1\nfi\n";
			showEnvVarsInLog = 0;
		};
		C105D93341F5F24FA80C0BB6 /* [CP] Embed Pods Frameworks */ = {
			isa = PBXShellScriptBuildPhase;
			buildActionMask = 2147483647;
			files = (
			);
			inputPaths = (
			);
			name = "[CP] Embed Pods Frameworks";
			outputPaths = (
			);
			runOnlyForDeploymentPostprocessing = 0;
			shellPath = /bin/sh;
			shellScript = "\"${SRCROOT}/Pods/Target Support Files/Pods-RSNetDemo/Pods-RSNetDemo-frameworks.sh\"\n";
			showEnvVarsInLog = 0;
		};
		F9A6EC4E802962E37F8A2115 /* [CP] Copy Pods Resources */ = {
			isa = PBXShellScriptBuildPhase;
			buildActionMask = 2147483647;
			files = (
			);
			inputPaths = (
			);
			name = "[CP] Copy Pods Resources";
			outputPaths = (
			);
			runOnlyForDeploymentPostprocessing = 0;
			shellPath = /bin/sh;
			shellScript = "\"${SRCROOT}/Pods/Target Support Files/Pods-RSNetDemo/Pods-RSNetDemo-resources.sh\"\n";
			showEnvVarsInLog = 0;
		};
/* End PBXShellScriptBuildPhase section */

/* Begin PBXSourcesBuildPhase section */
		438559FB1DFA79CB00D765F3 /* Sources */ = {
			isa = PBXSourcesBuildPhase;
			buildActionMask = 2147483647;
			files = (
				43855A3D1DFA79D300D765F3 /* SLYMessageResponse.m in Sources */,
				43855A3C1DFA79D300D765F3 /* SLYMessage.m in Sources */,
				43855A0A1DFA79CB00D765F3 /* ViewController.m in Sources */,
				43855A071DFA79CB00D765F3 /* AppDelegate.m in Sources */,
				43855A041DFA79CB00D765F3 /* main.m in Sources */,
				43855A3E1DFA79D300D765F3 /* SLYNetRequestManage.m in Sources */,
			);
			runOnlyForDeploymentPostprocessing = 0;
		};
		43855A141DFA79CB00D765F3 /* Sources */ = {
			isa = PBXSourcesBuildPhase;
			buildActionMask = 2147483647;
			files = (
				43855A1D1DFA79CB00D765F3 /* RSNetDemoTests.m in Sources */,
			);
			runOnlyForDeploymentPostprocessing = 0;
		};
		43855A1F1DFA79CB00D765F3 /* Sources */ = {
			isa = PBXSourcesBuildPhase;
			buildActionMask = 2147483647;
			files = (
				43855A281DFA79CB00D765F3 /* RSNetDemoUITests.m in Sources */,
			);
			runOnlyForDeploymentPostprocessing = 0;
		};
/* End PBXSourcesBuildPhase section */

/* Begin PBXTargetDependency section */
		43855A1A1DFA79CB00D765F3 /* PBXTargetDependency */ = {
			isa = PBXTargetDependency;
			target = 438559FE1DFA79CB00D765F3 /* RSNetDemo */;
			targetProxy = 43855A191DFA79CB00D765F3 /* PBXContainerItemProxy */;
		};
		43855A251DFA79CB00D765F3 /* PBXTargetDependency */ = {
			isa = PBXTargetDependency;
			target = 438559FE1DFA79CB00D765F3 /* RSNetDemo */;
			targetProxy = 43855A241DFA79CB00D765F3 /* PBXContainerItemProxy */;
		};
/* End PBXTargetDependency section */

/* Begin PBXVariantGroup section */
		43855A0B1DFA79CB00D765F3 /* Main.storyboard */ = {
			isa = PBXVariantGroup;
			children = (
				43855A0C1DFA79CB00D765F3 /* Base */,
			);
			name = Main.storyboard;
			sourceTree = "<group>";
		};
		43855A101DFA79CB00D765F3 /* LaunchScreen.storyboard */ = {
			isa = PBXVariantGroup;
			children = (
				43855A111DFA79CB00D765F3 /* Base */,
			);
			name = LaunchScreen.storyboard;
			sourceTree = "<group>";
		};
/* End PBXVariantGroup section */

/* Begin XCBuildConfiguration section */
		43855A2A1DFA79CB00D765F3 /* Debug */ = {
			isa = XCBuildConfiguration;
			buildSettings = {
				ALWAYS_SEARCH_USER_PATHS = NO;
				CLANG_ANALYZER_NONNULL = YES;
				CLANG_CXX_LANGUAGE_STANDARD = "gnu++0x";
				CLANG_CXX_LIBRARY = "libc++";
				CLANG_ENABLE_MODULES = YES;
				CLANG_ENABLE_OBJC_ARC = YES;
				CLANG_WARN_BOOL_CONVERSION = YES;
				CLANG_WARN_CONSTANT_CONVERSION = YES;
				CLANG_WARN_DIRECT_OBJC_ISA_USAGE = YES_ERROR;
				CLANG_WARN_DOCUMENTATION_COMMENTS = YES;
				CLANG_WARN_EMPTY_BODY = YES;
				CLANG_WARN_ENUM_CONVERSION = YES;
				CLANG_WARN_INFINITE_RECURSION = YES;
				CLANG_WARN_INT_CONVERSION = YES;
				CLANG_WARN_OBJC_ROOT_CLASS = YES_ERROR;
				CLANG_WARN_SUSPICIOUS_MOVES = YES;
				CLANG_WARN_UNREACHABLE_CODE = YES;
				CLANG_WARN__DUPLICATE_METHOD_MATCH = YES;
				"CODE_SIGN_IDENTITY[sdk=iphoneos*]" = "iPhone Developer";
				COPY_PHASE_STRIP = NO;
				DEBUG_INFORMATION_FORMAT = dwarf;
				ENABLE_STRICT_OBJC_MSGSEND = YES;
				ENABLE_TESTABILITY = YES;
				GCC_C_LANGUAGE_STANDARD = gnu99;
				GCC_DYNAMIC_NO_PIC = NO;
				GCC_NO_COMMON_BLOCKS = YES;
				GCC_OPTIMIZATION_LEVEL = 0;
				GCC_PREPROCESSOR_DEFINITIONS = (
					"DEBUG=1",
					"$(inherited)",
				);
				GCC_WARN_64_TO_32_BIT_CONVERSION = YES;
				GCC_WARN_ABOUT_RETURN_TYPE = YES_ERROR;
				GCC_WARN_UNDECLARED_SELECTOR = YES;
				GCC_WARN_UNINITIALIZED_AUTOS = YES_AGGRESSIVE;
				GCC_WARN_UNUSED_FUNCTION = YES;
				GCC_WARN_UNUSED_VARIABLE = YES;
				IPHONEOS_DEPLOYMENT_TARGET = 10.1;
				MTL_ENABLE_DEBUG_INFO = YES;
				ONLY_ACTIVE_ARCH = YES;
				SDKROOT = iphoneos;
				TARGETED_DEVICE_FAMILY = "1,2";
			};
			name = Debug;
		};
		43855A2B1DFA79CB00D765F3 /* Release */ = {
			isa = XCBuildConfiguration;
			buildSettings = {
				ALWAYS_SEARCH_USER_PATHS = NO;
				CLANG_ANALYZER_NONNULL = YES;
				CLANG_CXX_LANGUAGE_STANDARD = "gnu++0x";
				CLANG_CXX_LIBRARY = "libc++";
				CLANG_ENABLE_MODULES = YES;
				CLANG_ENABLE_OBJC_ARC = YES;
				CLANG_WARN_BOOL_CONVERSION = YES;
				CLANG_WARN_CONSTANT_CONVERSION = YES;
				CLANG_WARN_DIRECT_OBJC_ISA_USAGE = YES_ERROR;
				CLANG_WARN_DOCUMENTATION_COMMENTS = YES;
				CLANG_WARN_EMPTY_BODY = YES;
				CLANG_WARN_ENUM_CONVERSION = YES;
				CLANG_WARN_INFINITE_RECURSION = YES;
				CLANG_WARN_INT_CONVERSION = YES;
				CLANG_WARN_OBJC_ROOT_CLASS = YES_ERROR;
				CLANG_WARN_SUSPICIOUS_MOVES = YES;
				CLANG_WARN_UNREACHABLE_CODE = YES;
				CLANG_WARN__DUPLICATE_METHOD_MATCH = YES;
				"CODE_SIGN_IDENTITY[sdk=iphoneos*]" = "iPhone Developer";
				COPY_PHASE_STRIP = NO;
				DEBUG_INFORMATION_FORMAT = "dwarf-with-dsym";
				ENABLE_NS_ASSERTIONS = NO;
				ENABLE_STRICT_OBJC_MSGSEND = YES;
				GCC_C_LANGUAGE_STANDARD = gnu99;
				GCC_NO_COMMON_BLOCKS = YES;
				GCC_WARN_64_TO_32_BIT_CONVERSION = YES;
				GCC_WARN_ABOUT_RETURN_TYPE = YES_ERROR;
				GCC_WARN_UNDECLARED_SELECTOR = YES;
				GCC_WARN_UNINITIALIZED_AUTOS = YES_AGGRESSIVE;
				GCC_WARN_UNUSED_FUNCTION = YES;
				GCC_WARN_UNUSED_VARIABLE = YES;
				IPHONEOS_DEPLOYMENT_TARGET = 10.1;
				MTL_ENABLE_DEBUG_INFO = NO;
				SDKROOT = iphoneos;
				TARGETED_DEVICE_FAMILY = "1,2";
				VALIDATE_PRODUCT = YES;
			};
			name = Release;
		};
		43855A2D1DFA79CB00D765F3 /* Debug */ = {
			isa = XCBuildConfiguration;
			baseConfigurationReference = 4938ABA4B08650711F3AA287 /* Pods-RSNetDemo.debug.xcconfig */;
			buildSettings = {
				ASSETCATALOG_COMPILER_APPICON_NAME = AppIcon;
				CLANG_ALLOW_NON_MODULAR_INCLUDES_IN_FRAMEWORK_MODULES = YES;
				DEVELOPMENT_TEAM = DRDBCGP8F6;
				INFOPLIST_FILE = RSNetDemo/Info.plist;
				LD_RUNPATH_SEARCH_PATHS = "$(inherited) @executable_path/Frameworks";
				PRODUCT_BUNDLE_IDENTIFIER = cjzkw.RSNetDemo;
				PRODUCT_NAME = "$(TARGET_NAME)";
			};
			name = Debug;
		};
		43855A2E1DFA79CB00D765F3 /* Release */ = {
			isa = XCBuildConfiguration;
			baseConfigurationReference = E49C2547EA7179A3F7FA77FD /* Pods-RSNetDemo.release.xcconfig */;
			buildSettings = {
				ASSETCATALOG_COMPILER_APPICON_NAME = AppIcon;
				CLANG_ALLOW_NON_MODULAR_INCLUDES_IN_FRAMEWORK_MODULES = YES;
				DEVELOPMENT_TEAM = DRDBCGP8F6;
				INFOPLIST_FILE = RSNetDemo/Info.plist;
				LD_RUNPATH_SEARCH_PATHS = "$(inherited) @executable_path/Frameworks";
				PRODUCT_BUNDLE_IDENTIFIER = cjzkw.RSNetDemo;
				PRODUCT_NAME = "$(TARGET_NAME)";
			};
			name = Release;
		};
		43855A301DFA79CB00D765F3 /* Debug */ = {
			isa = XCBuildConfiguration;
			buildSettings = {
				BUNDLE_LOADER = "$(TEST_HOST)";
				DEVELOPMENT_TEAM = DRDBCGP8F6;
				INFOPLIST_FILE = RSNetDemoTests/Info.plist;
				LD_RUNPATH_SEARCH_PATHS = "$(inherited) @executable_path/Frameworks @loader_path/Frameworks";
				PRODUCT_BUNDLE_IDENTIFIER = cjzkw.RSNetDemoTests;
				PRODUCT_NAME = "$(TARGET_NAME)";
				TEST_HOST = "$(BUILT_PRODUCTS_DIR)/RSNetDemo.app/RSNetDemo";
			};
			name = Debug;
		};
		43855A311DFA79CB00D765F3 /* Release */ = {
			isa = XCBuildConfiguration;
			buildSettings = {
				BUNDLE_LOADER = "$(TEST_HOST)";
				DEVELOPMENT_TEAM = DRDBCGP8F6;
				INFOPLIST_FILE = RSNetDemoTests/Info.plist;
				LD_RUNPATH_SEARCH_PATHS = "$(inherited) @executable_path/Frameworks @loader_path/Frameworks";
				PRODUCT_BUNDLE_IDENTIFIER = cjzkw.RSNetDemoTests;
				PRODUCT_NAME = "$(TARGET_NAME)";
				TEST_HOST = "$(BUILT_PRODUCTS_DIR)/RSNetDemo.app/RSNetDemo";
			};
			name = Release;
		};
		43855A331DFA79CB00D765F3 /* Debug */ = {
			isa = XCBuildConfiguration;
			buildSettings = {
				DEVELOPMENT_TEAM = DRDBCGP8F6;
				INFOPLIST_FILE = RSNetDemoUITests/Info.plist;
				LD_RUNPATH_SEARCH_PATHS = "$(inherited) @executable_path/Frameworks @loader_path/Frameworks";
				PRODUCT_BUNDLE_IDENTIFIER = cjzkw.RSNetDemoUITests;
				PRODUCT_NAME = "$(TARGET_NAME)";
				TEST_TARGET_NAME = RSNetDemo;
			};
			name = Debug;
		};
		43855A341DFA79CB00D765F3 /* Release */ = {
			isa = XCBuildConfiguration;
			buildSettings = {
				DEVELOPMENT_TEAM = DRDBCGP8F6;
				INFOPLIST_FILE = RSNetDemoUITests/Info.plist;
				LD_RUNPATH_SEARCH_PATHS = "$(inherited) @executable_path/Frameworks @loader_path/Frameworks";
				PRODUCT_BUNDLE_IDENTIFIER = cjzkw.RSNetDemoUITests;
				PRODUCT_NAME = "$(TARGET_NAME)";
				TEST_TARGET_NAME = RSNetDemo;
			};
			name = Release;
		};
/* End XCBuildConfiguration section */

/* Begin XCConfigurationList section */
		438559FA1DFA79CA00D765F3 /* Build configuration list for PBXProject "RSNetDemo" */ = {
			isa = XCConfigurationList;
			buildConfigurations = (
				43855A2A1DFA79CB00D765F3 /* Debug */,
				43855A2B1DFA79CB00D765F3 /* Release */,
			);
			defaultConfigurationIsVisible = 0;
			defaultConfigurationName = Release;
		};
		43855A2C1DFA79CB00D765F3 /* Build configuration list for PBXNativeTarget "RSNetDemo" */ = {
			isa = XCConfigurationList;
			buildConfigurations = (
				43855A2D1DFA79CB00D765F3 /* Debug */,
				43855A2E1DFA79CB00D765F3 /* Release */,
			);
			defaultConfigurationIsVisible = 0;
			defaultConfigurationName = Release;
		};
		43855A2F1DFA79CB00D765F3 /* Build configuration list for PBXNativeTarget "RSNetDemoTests" */ = {
			isa = XCConfigurationList;
			buildConfigurations = (
				43855A301DFA79CB00D765F3 /* Debug */,
				43855A311DFA79CB00D765F3 /* Release */,
			);
			defaultConfigurationIsVisible = 0;
			defaultConfigurationName = Release;
		};
		43855A321DFA79CB00D765F3 /* Build configuration list for PBXNativeTarget "RSNetDemoUITests" */ = {
			isa = XCConfigurationList;
			buildConfigurations = (
				43855A331DFA79CB00D765F3 /* Debug */,
				43855A341DFA79CB00D765F3 /* Release */,
			);
			defaultConfigurationIsVisible = 0;
			defaultConfigurationName = Release;
		};
/* End XCConfigurationList section */
	};
	rootObject = 438559F71DFA79CA00D765F3 /* Project object */;
}
